
Microsoft Visual Studio Solution File, Format Version 12.00
# Visual Studio 15
VisualStudioVersion = 15.0.27703.2026
MinimumVisualStudioVersion = 10.0.40219.1
Project("{FAE04EC0-301F-11D3-BF4B-00C04F79EFBC}") = "Tsueda_Brandon_MadLibs", "Tsueda_Brandon_MadLibs\Tsueda_Brandon_MadLibs.csproj", "{76C1B215-9D53-41EE-AEF5-0AA70C21ED78}"
EndProject
Global
	GlobalSection(SolutionConfigurationPlatforms) = preSolution
		Debug|Any CPU = Debug|Any CPU
		Release|Any CPU = Release|Any CPU
	EndGlobalSection
	GlobalSection(ProjectConfigurationPlatforms) = postSolution
		{76C1B215-9D53-41EE-AEF5-0AA70C21ED78}.Debug|Any CPU.ActiveCfg = Debug|Any CPU
		{76C1B215-9D53-41EE-AEF5-0AA70C21ED78}.Debug|Any CPU.Build.0 = Debug|Any CPU
		{76C1B215-9D53-41EE-AEF5-0AA70C21ED78}.Release|Any CPU.ActiveCfg = Release|Any CPU
		{76C1B215-9D53-41EE-AEF5-0AA70C21ED78}.Release|Any CPU.Build.0 = Release|Any CPU
	EndGlobalSection
	GlobalSection(SolutionProperties) = preSolution
		HideSolutionNode = FALSE
	EndGlobalSection
	GlobalSection(ExtensibilityGlobals) = postSolution
		SolutionGuid = {7A1A1D58-6451-4546-BCC3-35AA29F8EFD8}
	EndGlobalSection
EndGlobal
